
Microsoft Visual Studio Solution File, Format Version 12.00
# Visual Studio Version 17
VisualStudioVersion = 17.6.33801.468
MinimumVisualStudioVersion = 10.0.40219.1
Project("{9A19103F-16F7-4668-BE54-9A1E7A4F7556}") = "Operator", "BasicCSharp\Operator.csproj", "{21F89153-3F1E-489D-927B-E5DC614FF388}"
EndProject
Project("{FAE04EC0-301F-11D3-BF4B-00C04F79EFBC}") = "Basic4.FlowOfStatement", "Basic4.FlowOfStatement\Basic4.FlowOfStatement.csproj", "{2D860529-C612-437F-8E37-738448BF459F}"
EndProject
Global
	GlobalSection(SolutionConfigurationPlatforms) = preSolution
		Debug|Any CPU = Debug|Any CPU
		Release|Any CPU = Release|Any CPU
	EndGlobalSection
	GlobalSection(ProjectConfigurationPlatforms) = postSolution
		{21F89153-3F1E-489D-927B-E5DC614FF388}.Debug|Any CPU.ActiveCfg = Debug|Any CPU
		{21F89153-3F1E-489D-927B-E5DC614FF388}.Debug|Any CPU.Build.0 = Debug|Any CPU
		{21F89153-3F1E-489D-927B-E5DC614FF388}.Release|Any CPU.ActiveCfg = Release|Any CPU
		{21F89153-3F1E-489D-927B-E5DC614FF388}.Release|Any CPU.Build.0 = Release|Any CPU
		{2D860529-C612-437F-8E37-738448BF459F}.Debug|Any CPU.ActiveCfg = Debug|Any CPU
		{2D860529-C612-437F-8E37-738448BF459F}.Debug|Any CPU.Build.0 = Debug|Any CPU
		{2D860529-C612-437F-8E37-738448BF459F}.Release|Any CPU.ActiveCfg = Release|Any CPU
		{2D860529-C612-437F-8E37-738448BF459F}.Release|Any CPU.Build.0 = Release|Any CPU
	EndGlobalSection
	GlobalSection(SolutionProperties) = preSolution
		HideSolutionNode = FALSE
	EndGlobalSection
	GlobalSection(ExtensibilityGlobals) = postSolution
		SolutionGuid = {DB64158C-CC72-4887-8A4C-7610C816143C}
	EndGlobalSection
EndGlobal
